// !$*UTF8*$!
{
	archiveVersion = 1;
	classes = {
	};
	objectVersion = 46;
	objects = {

/* Begin PBXBuildFile section */
		FCA778C517B37F230069BF95 /* UIKit.framework in Frameworks */ = {isa = PBXBuildFile; fileRef = FCA778C417B37F230069BF95 /* UIKit.framework */; };
		FCA778C717B37F230069BF95 /* Foundation.framework in Frameworks */ = {isa = PBXBuildFile; fileRef = FCA778C617B37F230069BF95 /* Foundation.framework */; };
		FCA778C917B37F230069BF95 /* CoreGraphics.framework in Frameworks */ = {isa = PBXBuildFile; fileRef = FCA778C817B37F230069BF95 /* CoreGraphics.framework */; };
		FCA778CF17B37F230069BF95 /* InfoPlist.strings in Resources */ = {isa = PBXBuildFile; fileRef = FCA778CD17B37F230069BF95 /* InfoPlist.strings */; };
		FCA778D117B37F230069BF95 /* main.m in Sources */ = {isa = PBXBuildFile; fileRef = FCA778D017B37F230069BF95 /* main.m */; };
		FCA778D517B37F230069BF95 /* AppDelegate.m in Sources */ = {isa = PBXBuildFile; fileRef = FCA778D417B37F230069BF95 /* AppDelegate.m */; };
		FCA778D717B37F230069BF95 /* Default.png in Resources */ = {isa = PBXBuildFile; fileRef = FCA778D617B37F230069BF95 /* Default.png */; };
		FCA778D917B37F230069BF95 /* Default@2x.png in Resources */ = {isa = PBXBuildFile; fileRef = FCA778D817B37F230069BF95 /* Default@2x.png */; };
		FCA778DB17B37F230069BF95 /* Default-568h@2x.png in Resources */ = {isa = PBXBuildFile; fileRef = FCA778DA17B37F230069BF95 /* Default-568h@2x.png */; };
		FCA778E317B37F230069BF95 /* SenTestingKit.framework in Frameworks */ = {isa = PBXBuildFile; fileRef = FCA778E217B37F230069BF95 /* SenTestingKit.framework */; };
		FCA778E417B37F230069BF95 /* UIKit.framework in Frameworks */ = {isa = PBXBuildFile; fileRef = FCA778C417B37F230069BF95 /* UIKit.framework */; };
		FCA778E517B37F230069BF95 /* Foundation.framework in Frameworks */ = {isa = PBXBuildFile; fileRef = FCA778C617B37F230069BF95 /* Foundation.framework */; };
		FCA778ED17B37F230069BF95 /* InfoPlist.strings in Resources */ = {isa = PBXBuildFile; fileRef = FCA778EB17B37F230069BF95 /* InfoPlist.strings */; };
		FCA778F017B37F230069BF95 /* weiboTests.m in Sources */ = {isa = PBXBuildFile; fileRef = FCA778EF17B37F230069BF95 /* weiboTests.m */; };
/* End PBXBuildFile section */

/* Begin PBXContainerItemProxy section */
		FCA778E617B37F230069BF95 /* PBXContainerItemProxy */ = {
			isa = PBXContainerItemProxy;
			containerPortal = FCA778B917B37F230069BF95 /* Project object */;
			proxyType = 1;
			remoteGlobalIDString = FCA778C017B37F230069BF95;
			remoteInfo = weibo;
		};
/* End PBXContainerItemProxy section */

/* Begin PBXFileReference section */
		FCA778C117B37F230069BF95 /* weibo.app */ = {isa = PBXFileReference; explicitFileType = wrapper.application; includeInIndex = 0; path = weibo.app; sourceTree = BUILT_PRODUCTS_DIR; };
		FCA778C417B37F230069BF95 /* UIKit.framework */ = {isa = PBXFileReference; lastKnownFileType = wrapper.framework; name = UIKit.framework; path = System/Library/Frameworks/UIKit.framework; sourceTree = SDKROOT; };
		FCA778C617B37F230069BF95 /* Foundation.framework */ = {isa = PBXFileReference; lastKnownFileType = wrapper.framework; name = Foundation.framework; path = System/Library/Frameworks/Foundation.framework; sourceTree = SDKROOT; };
		FCA778C817B37F230069BF95 /* CoreGraphics.framework */ = {isa = PBXFileReference; lastKnownFileType = wrapper.framework; name = CoreGraphics.framework; path = System/Library/Frameworks/CoreGraphics.framework; sourceTree = SDKROOT; };
		FCA778CC17B37F230069BF95 /* weibo-Info.plist */ = {isa = PBXFileReference; lastKnownFileType = text.plist.xml; path = "weibo-Info.plist"; sourceTree = "<group>"; };
		FCA778CE17B37F230069BF95 /* en */ = {isa = PBXFileReference; lastKnownFileType = text.plist.strings; name = en; path = en.lproj/InfoPlist.strings; sourceTree = "<group>"; };
		FCA778D017B37F230069BF95 /* main.m */ = {isa = PBXFileReference; lastKnownFileType = sourcecode.c.objc; path = main.m; sourceTree = "<group>"; };
		FCA778D217B37F230069BF95 /* weibo-Prefix.pch */ = {isa = PBXFileReference; lastKnownFileType = sourcecode.c.h; path = "weibo-Prefix.pch"; sourceTree = "<group>"; };
		FCA778D317B37F230069BF95 /* AppDelegate.h */ = {isa = PBXFileReference; lastKnownFileType = sourcecode.c.h; path = AppDelegate.h; sourceTree = "<group>"; };
		FCA778D417B37F230069BF95 /* AppDelegate.m */ = {isa = PBXFileReference; lastKnownFileType = sourcecode.c.objc; path = AppDelegate.m; sourceTree = "<group>"; };
		FCA778D617B37F230069BF95 /* Default.png */ = {isa = PBXFileReference; lastKnownFileType = image.png; path = Default.png; sourceTree = "<group>"; };
		FCA778D817B37F230069BF95 /* Default@2x.png */ = {isa = PBXFileReference; lastKnownFileType = image.png; path = "Default@2x.png"; sourceTree = "<group>"; };
		FCA778DA17B37F230069BF95 /* Default-568h@2x.png */ = {isa = PBXFileReference; lastKnownFileType = image.png; path = "Default-568h@2x.png"; sourceTree = "<group>"; };
		FCA778E117B37F230069BF95 /* weiboTests.octest */ = {isa = PBXFileReference; explicitFileType = wrapper.cfbundle; includeInIndex = 0; path = weiboTests.octest; sourceTree = BUILT_PRODUCTS_DIR; };
		FCA778E217B37F230069BF95 /* SenTestingKit.framework */ = {isa = PBXFileReference; lastKnownFileType = wrapper.framework; name = SenTestingKit.framework; path = Library/Frameworks/SenTestingKit.framework; sourceTree = DEVELOPER_DIR; };
		FCA778EA17B37F230069BF95 /* weiboTests-Info.plist */ = {isa = PBXFileReference; lastKnownFileType = text.plist.xml; path = "weiboTests-Info.plist"; sourceTree = "<group>"; };
		FCA778EC17B37F230069BF95 /* en */ = {isa = PBXFileReference; lastKnownFileType = text.plist.strings; name = en; path = en.lproj/InfoPlist.strings; sourceTree = "<group>"; };
		FCA778EE17B37F230069BF95 /* weiboTests.h */ = {isa = PBXFileReference; lastKnownFileType = sourcecode.c.h; path = weiboTests.h; sourceTree = "<group>"; };
		FCA778EF17B37F230069BF95 /* weiboTests.m */ = {isa = PBXFileReference; lastKnownFileType = sourcecode.c.objc; path = weiboTests.m; sourceTree = "<group>"; };
/* End PBXFileReference section */

/* Begin PBXFrameworksBuildPhase section */
		FCA778BE17B37F230069BF95 /* Frameworks */ = {
			isa = PBXFrameworksBuildPhase;
			buildActionMask = 2147483647;
			files = (
				FCA778C517B37F230069BF95 /* UIKit.framework in Frameworks */,
				FCA778C717B37F230069BF95 /* Foundation.framework in Frameworks */,
				FCA778C917B37F230069BF95 /* CoreGraphics.framework in Frameworks */,
			);
			runOnlyForDeploymentPostprocessing = 0;
		};
		FCA778DD17B37F230069BF95 /* Frameworks */ = {
			isa = PBXFrameworksBuildPhase;
			buildActionMask = 2147483647;
			files = (
				FCA778E317B37F230069BF95 /* SenTestingKit.framework in Frameworks */,
				FCA778E417B37F230069BF95 /* UIKit.framework in Frameworks */,
				FCA778E517B37F230069BF95 /* Foundation.framework in Frameworks */,
			);
			runOnlyForDeploymentPostprocessing = 0;
		};
/* End PBXFrameworksBuildPhase section */

/* Begin PBXGroup section */
		FCA778B817B37F230069BF95 = {
			isa = PBXGroup;
			children = (
				FCA778CA17B37F230069BF95 /* weibo */,
				FCA778E817B37F230069BF95 /* weiboTests */,
				FCA778C317B37F230069BF95 /* Frameworks */,
				FCA778C217B37F230069BF95 /* Products */,
			);
			sourceTree = "<group>";
		};
		FCA778C217B37F230069BF95 /* Products */ = {
			isa = PBXGroup;
			children = (
				FCA778C117B37F230069BF95 /* weibo.app */,
				FCA778E117B37F230069BF95 /* weiboTests.octest */,
			);
			name = Products;
			sourceTree = "<group>";
		};
		FCA778C317B37F230069BF95 /* Frameworks */ = {
			isa = PBXGroup;
			children = (
				FCA778C417B37F230069BF95 /* UIKit.framework */,
				FCA778C617B37F230069BF95 /* Foundation.framework */,
				FCA778C817B37F230069BF95 /* CoreGraphics.framework */,
				FCA778E217B37F230069BF95 /* SenTestingKit.framework */,
			);
			name = Frameworks;
			sourceTree = "<group>";
		};
		FCA778CA17B37F230069BF95 /* weibo */ = {
			isa = PBXGroup;
			children = (
				FCA778D317B37F230069BF95 /* AppDelegate.h */,
				FCA778D417B37F230069BF95 /* AppDelegate.m */,
				FCA778CB17B37F230069BF95 /* Supporting Files */,
			);
			path = weibo;
			sourceTree = "<group>";
		};
		FCA778CB17B37F230069BF95 /* Supporting Files */ = {
			isa = PBXGroup;
			children = (
				FCA778CC17B37F230069BF95 /* weibo-Info.plist */,
				FCA778CD17B37F230069BF95 /* InfoPlist.strings */,
				FCA778D017B37F230069BF95 /* main.m */,
				FCA778D217B37F230069BF95 /* weibo-Prefix.pch */,
				FCA778D617B37F230069BF95 /* Default.png */,
				FCA778D817B37F230069BF95 /* Default@2x.png */,
				FCA778DA17B37F230069BF95 /* Default-568h@2x.png */,
			);
			name = "Supporting Files";
			sourceTree = "<group>";
		};
		FCA778E817B37F230069BF95 /* weiboTests */ = {
			isa = PBXGroup;
			children = (
				FCA778EE17B37F230069BF95 /* weiboTests.h */,
				FCA778EF17B37F230069BF95 /* weiboTests.m */,
				FCA778E917B37F230069BF95 /* Supporting Files */,
			);
			path = weiboTests;
			sourceTree = "<group>";
		};
		FCA778E917B37F230069BF95 /* Supporting Files */ = {
			isa = PBXGroup;
			children = (
				FCA778EA17B37F230069BF95 /* weiboTests-Info.plist */,
				FCA778EB17B37F230069BF95 /* InfoPlist.strings */,
			);
			name = "Supporting Files";
			sourceTree = "<group>";
		};
/* End PBXGroup section */

/* Begin PBXNativeTarget section */
		FCA778C017B37F230069BF95 /* weibo */ = {
			isa = PBXNativeTarget;
			buildConfigurationList = FCA778F317B37F230069BF95 /* Build configuration list for PBXNativeTarget "weibo" */;
			buildPhases = (
				FCA778BD17B37F230069BF95 /* Sources */,
				FCA778BE17B37F230069BF95 /* Frameworks */,
				FCA778BF17B37F230069BF95 /* Resources */,
			);
			buildRules = (
			);
			dependencies = (
			);
			name = weibo;
			productName = weibo;
			productReference = FCA778C117B37F230069BF95 /* weibo.app */;
			productType = "com.apple.product-type.application";
		};
		FCA778E017B37F230069BF95 /* weiboTests */ = {
			isa = PBXNativeTarget;
			buildConfigurationList = FCA778F617B37F230069BF95 /* Build configuration list for PBXNativeTarget "weiboTests" */;
			buildPhases = (
				FCA778DC17B37F230069BF95 /* Sources */,
				FCA778DD17B37F230069BF95 /* Frameworks */,
				FCA778DE17B37F230069BF95 /* Resources */,
				FCA778DF17B37F230069BF95 /* ShellScript */,
			);
			buildRules = (
			);
			dependencies = (
				FCA778E717B37F230069BF95 /* PBXTargetDependency */,
			);
			name = weiboTests;
			productName = weiboTests;
			productReference = FCA778E117B37F230069BF95 /* weiboTests.octest */;
			productType = "com.apple.product-type.bundle";
		};
/* End PBXNativeTarget section */

/* Begin PBXProject section */
		FCA778B917B37F230069BF95 /* Project object */ = {
			isa = PBXProject;
			attributes = {
				LastUpgradeCheck = 0460;
				ORGANIZATIONNAME = "王 强";
			};
			buildConfigurationList = FCA778BC17B37F230069BF95 /* Build configuration list for PBXProject "weibo" */;
			compatibilityVersion = "Xcode 3.2";
			developmentRegion = English;
			hasScannedForEncodings = 0;
			knownRegions = (
				en,
			);
			mainGroup = FCA778B817B37F230069BF95;
			productRefGroup = FCA778C217B37F230069BF95 /* Products */;
			projectDirPath = "";
			projectRoot = "";
			targets = (
				FCA778C017B37F230069BF95 /* weibo */,
				FCA778E017B37F230069BF95 /* weiboTests */,
			);
		};
/* End PBXProject section */

/* Begin PBXResourcesBuildPhase section */
		FCA778BF17B37F230069BF95 /* Resources */ = {
			isa = PBXResourcesBuildPhase;
			buildActionMask = 2147483647;
			files = (
				FCA778CF17B37F230069BF95 /* InfoPlist.strings in Resources */,
				FCA778D717B37F230069BF95 /* Default.png in Resources */,
				FCA778D917B37F230069BF95 /* Default@2x.png in Resources */,
				FCA778DB17B37F230069BF95 /* Default-568h@2x.png in Resources */,
			);
			runOnlyForDeploymentPostprocessing = 0;
		};
		FCA778DE17B37F230069BF95 /* Resources */ = {
			isa = PBXResourcesBuildPhase;
			buildActionMask = 2147483647;
			files = (
				FCA778ED17B37F230069BF95 /* InfoPlist.strings in Resources */,
			);
			runOnlyForDeploymentPostprocessing = 0;
		};
/* End PBXResourcesBuildPhase section */

/* Begin PBXShellScriptBuildPhase section */
		FCA778DF17B37F230069BF95 /* ShellScript */ = {
			isa = PBXShellScriptBuildPhase;
			buildActionMask = 2147483647;
			files = (
			);
			inputPaths = (
			);
			outputPaths = (
			);
			runOnlyForDeploymentPostprocessing = 0;
			shellPath = /bin/sh;
			shellScript = "# Run the unit tests in this test bundle.\n\"${SYSTEM_DEVELOPER_DIR}/Tools/RunUnitTests\"\n";
		};
/* End PBXShellScriptBuildPhase section */

/* Begin PBXSourcesBuildPhase section */
		FCA778BD17B37F230069BF95 /* Sources */ = {
			isa = PBXSourcesBuildPhase;
			buildActionMask = 2147483647;
			files = (
				FCA778D117B37F230069BF95 /* main.m in Sources */,
				FCA778D517B37F230069BF95 /* AppDelegate.m in Sources */,
			);
			runOnlyForDeploymentPostprocessing = 0;
		};
		FCA778DC17B37F230069BF95 /* Sources */ = {
			isa = PBXSourcesBuildPhase;
			buildActionMask = 2147483647;
			files = (
				FCA778F017B37F230069BF95 /* weiboTests.m in Sources */,
			);
			runOnlyForDeploymentPostprocessing = 0;
		};
/* End PBXSourcesBuildPhase section */

/* Begin PBXTargetDependency section */
		FCA778E717B37F230069BF95 /* PBXTargetDependency */ = {
			isa = PBXTargetDependency;
			target = FCA778C017B37F230069BF95 /* weibo */;
			targetProxy = FCA778E617B37F230069BF95 /* PBXContainerItemProxy */;
		};
/* End PBXTargetDependency section */

/* Begin PBXVariantGroup section */
		FCA778CD17B37F230069BF95 /* InfoPlist.strings */ = {
			isa = PBXVariantGroup;
			children = (
				FCA778CE17B37F230069BF95 /* en */,
			);
			name = InfoPlist.strings;
			sourceTree = "<group>";
		};
		FCA778EB17B37F230069BF95 /* InfoPlist.strings */ = {
			isa = PBXVariantGroup;
			children = (
				FCA778EC17B37F230069BF95 /* en */,
			);
			name = InfoPlist.strings;
			sourceTree = "<group>";
		};
/* End PBXVariantGroup section */

/* Begin XCBuildConfiguration section */
		FCA778F117B37F230069BF95 /* Debug */ = {
			isa = XCBuildConfiguration;
			buildSettings = {
				ALWAYS_SEARCH_USER_PATHS = NO;
				CLANG_CXX_LANGUAGE_STANDARD = "gnu++0x";
				CLANG_CXX_LIBRARY = "libc++";
				CLANG_ENABLE_OBJC_ARC = YES;
				CLANG_WARN_CONSTANT_CONVERSION = YES;
				CLANG_WARN_EMPTY_BODY = YES;
				CLANG_WARN_ENUM_CONVERSION = YES;
				CLANG_WARN_INT_CONVERSION = YES;
				CLANG_WARN__DUPLICATE_METHOD_MATCH = YES;
				"CODE_SIGN_IDENTITY[sdk=iphoneos*]" = "iPhone Developer";
				COPY_PHASE_STRIP = NO;
				GCC_C_LANGUAGE_STANDARD = gnu99;
				GCC_DYNAMIC_NO_PIC = NO;
				GCC_OPTIMIZATION_LEVEL = 0;
				GCC_PREPROCESSOR_DEFINITIONS = (
					"DEBUG=1",
					"$(inherited)",
				);
				GCC_SYMBOLS_PRIVATE_EXTERN = NO;
				GCC_WARN_ABOUT_RETURN_TYPE = YES;
				GCC_WARN_UNINITIALIZED_AUTOS = YES;
				GCC_WARN_UNUSED_VARIABLE = YES;
				IPHONEOS_DEPLOYMENT_TARGET = 6.1;
				ONLY_ACTIVE_ARCH = YES;
				SDKROOT = iphoneos;
			};
			name = Debug;
		};
		FCA778F217B37F230069BF95 /* Release */ = {
			isa = XCBuildConfiguration;
			buildSettings = {
				ALWAYS_SEARCH_USER_PATHS = NO;
				CLANG_CXX_LANGUAGE_STANDARD = "gnu++0x";
				CLANG_CXX_LIBRARY = "libc++";
				CLANG_ENABLE_OBJC_ARC = YES;
				CLANG_WARN_CONSTANT_CONVERSION = YES;
				CLANG_WARN_EMPTY_BODY = YES;
				CLANG_WARN_ENUM_CONVERSION = YES;
				CLANG_WARN_INT_CONVERSION = YES;
				CLANG_WARN__DUPLICATE_METHOD_MATCH = YES;
				"CODE_SIGN_IDENTITY[sdk=iphoneos*]" = "iPhone Developer";
				COPY_PHASE_STRIP = YES;
				GCC_C_LANGUAGE_STANDARD = gnu99;
				GCC_WARN_ABOUT_RETURN_TYPE = YES;
				GCC_WARN_UNINITIALIZED_AUTOS = YES;
				GCC_WARN_UNUSED_VARIABLE = YES;
				IPHONEOS_DEPLOYMENT_TARGET = 6.1;
				OTHER_CFLAGS = "-DNS_BLOCK_ASSERTIONS=1";
				SDKROOT = iphoneos;
				VALIDATE_PRODUCT = YES;
			};
			name = Release;
		};
		FCA778F417B37F230069BF95 /* Debug */ = {
			isa = XCBuildConfiguration;
			buildSettings = {
				GCC_PRECOMPILE_PREFIX_HEADER = YES;
				GCC_PREFIX_HEADER = "weibo/weibo-Prefix.pch";
				INFOPLIST_FILE = "weibo/weibo-Info.plist";
				PRODUCT_NAME = "$(TARGET_NAME)";
				WRAPPER_EXTENSION = app;
			};
			name = Debug;
		};
		FCA778F517B37F230069BF95 /* Release */ = {
			isa = XCBuildConfiguration;
			buildSettings = {
				GCC_PRECOMPILE_PREFIX_HEADER = YES;
				GCC_PREFIX_HEADER = "weibo/weibo-Prefix.pch";
				INFOPLIST_FILE = "weibo/weibo-Info.plist";
				PRODUCT_NAME = "$(TARGET_NAME)";
				WRAPPER_EXTENSION = app;
			};
			name = Release;
		};
		FCA778F717B37F230069BF95 /* Debug */ = {
			isa = XCBuildConfiguration;
			buildSettings = {
				BUNDLE_LOADER = "$(BUILT_PRODUCTS_DIR)/weibo.app/weibo";
				FRAMEWORK_SEARCH_PATHS = (
					"\"$(SDKROOT)/Developer/Library/Frameworks\"",
					"\"$(DEVELOPER_LIBRARY_DIR)/Frameworks\"",
				);
				GCC_PRECOMPILE_PREFIX_HEADER = YES;
				GCC_PREFIX_HEADER = "weibo/weibo-Prefix.pch";
				INFOPLIST_FILE = "weiboTests/weiboTests-Info.plist";
				PRODUCT_NAME = "$(TARGET_NAME)";
				TEST_HOST = "$(BUNDLE_LOADER)";
				WRAPPER_EXTENSION = octest;
			};
			name = Debug;
		};
		FCA778F817B37F230069BF95 /* Release */ = {
			isa = XCBuildConfiguration;
			buildSettings = {
				BUNDLE_LOADER = "$(BUILT_PRODUCTS_DIR)/weibo.app/weibo";
				FRAMEWORK_SEARCH_PATHS = (
					"\"$(SDKROOT)/Developer/Library/Frameworks\"",
					"\"$(DEVELOPER_LIBRARY_DIR)/Frameworks\"",
				);
				GCC_PRECOMPILE_PREFIX_HEADER = YES;
				GCC_PREFIX_HEADER = "weibo/weibo-Prefix.pch";
				INFOPLIST_FILE = "weiboTests/weiboTests-Info.plist";
				PRODUCT_NAME = "$(TARGET_NAME)";
				TEST_HOST = "$(BUNDLE_LOADER)";
				WRAPPER_EXTENSION = octest;
			};
			name = Release;
		};
/* End XCBuildConfiguration section */

/* Begin XCConfigurationList section */
		FCA778BC17B37F230069BF95 /* Build configuration list for PBXProject "weibo" */ = {
			isa = XCConfigurationList;
			buildConfigurations = (
				FCA778F117B37F230069BF95 /* Debug */,
				FCA778F217B37F230069BF95 /* Release */,
			);
			defaultConfigurationIsVisible = 0;
			defaultConfigurationName = Release;
		};
		FCA778F317B37F230069BF95 /* Build configuration list for PBXNativeTarget "weibo" */ = {
			isa = XCConfigurationList;
			buildConfigurations = (
				FCA778F417B37F230069BF95 /* Debug */,
				FCA778F517B37F230069BF95 /* Release */,
			);
			defaultConfigurationIsVisible = 0;
		};
		FCA778F617B37F230069BF95 /* Build configuration list for PBXNativeTarget "weiboTests" */ = {
			isa = XCConfigurationList;
			buildConfigurations = (
				FCA778F717B37F230069BF95 /* Debug */,
				FCA778F817B37F230069BF95 /* Release */,
			);
			defaultConfigurationIsVisible = 0;
		};
/* End XCConfigurationList section */
	};
	rootObject = FCA778B917B37F230069BF95 /* Project object */;
}
